// !$*UTF8*$!
{
	archiveVersion = 1;
	classes = {
	};
	objectVersion = 46;
	objects = {

/* Begin PBXBuildFile section */
		6D1C491B1DF0675B00188893 /* AppDelegate.swift in Sources */ = {isa = PBXBuildFile; fileRef = 6D1C491A1DF0675B00188893 /* AppDelegate.swift */; };
		6D1C491D1DF0675B00188893 /* ViewController.swift in Sources */ = {isa = PBXBuildFile; fileRef = 6D1C491C1DF0675B00188893 /* ViewController.swift */; };
		6D1C49201DF0675B00188893 /* Main.storyboard in Resources */ = {isa = PBXBuildFile; fileRef = 6D1C491E1DF0675B00188893 /* Main.storyboard */; };
		6D1C49221DF0675B00188893 /* Assets.xcassets in Resources */ = {isa = PBXBuildFile; fileRef = 6D1C49211DF0675B00188893 /* Assets.xcassets */; };
		6D1C49251DF0675B00188893 /* LaunchScreen.storyboard in Resources */ = {isa = PBXBuildFile; fileRef = 6D1C49231DF0675B00188893 /* LaunchScreen.storyboard */; };
		6D1C492F1DF0692600188893 /* ChannelViewController.swift in Sources */ = {isa = PBXBuildFile; fileRef = 6D1C492C1DF0692600188893 /* ChannelViewController.swift */; };
		6D1C49301DF0692600188893 /* MainViewController.swift in Sources */ = {isa = PBXBuildFile; fileRef = 6D1C492D1DF0692600188893 /* MainViewController.swift */; };
		6D1C49311DF0692600188893 /* PageViewController.swift in Sources */ = {isa = PBXBuildFile; fileRef = 6D1C492E1DF0692600188893 /* PageViewController.swift */; };
/* End PBXBuildFile section */

/* Begin PBXFileReference section */
		6D1C49171DF0675B00188893 /* iBlockUI.app */ = {isa = PBXFileReference; explicitFileType = wrapper.application; includeInIndex = 0; path = iBlockUI.app; sourceTree = BUILT_PRODUCTS_DIR; };
		6D1C491A1DF0675B00188893 /* AppDelegate.swift */ = {isa = PBXFileReference; lastKnownFileType = sourcecode.swift; path = AppDelegate.swift; sourceTree = "<group>"; };
		6D1C491C1DF0675B00188893 /* ViewController.swift */ = {isa = PBXFileReference; lastKnownFileType = sourcecode.swift; path = ViewController.swift; sourceTree = "<group>"; };
		6D1C491F1DF0675B00188893 /* Base */ = {isa = PBXFileReference; lastKnownFileType = file.storyboard; name = Base; path = Base.lproj/Main.storyboard; sourceTree = "<group>"; };
		6D1C49211DF0675B00188893 /* Assets.xcassets */ = {isa = PBXFileReference; lastKnownFileType = folder.assetcatalog; path = Assets.xcassets; sourceTree = "<group>"; };
		6D1C49241DF0675B00188893 /* Base */ = {isa = PBXFileReference; lastKnownFileType = file.storyboard; name = Base; path = Base.lproj/LaunchScreen.storyboard; sourceTree = "<group>"; };
		6D1C49261DF0675B00188893 /* Info.plist */ = {isa = PBXFileReference; lastKnownFileType = text.plist.xml; path = Info.plist; sourceTree = "<group>"; };
		6D1C492C1DF0692600188893 /* ChannelViewController.swift */ = {isa = PBXFileReference; fileEncoding = 4; lastKnownFileType = sourcecode.swift; path = ChannelViewController.swift; sourceTree = "<group>"; };
		6D1C492D1DF0692600188893 /* MainViewController.swift */ = {isa = PBXFileReference; fileEncoding = 4; lastKnownFileType = sourcecode.swift; path = MainViewController.swift; sourceTree = "<group>"; };
		6D1C492E1DF0692600188893 /* PageViewController.swift */ = {isa = PBXFileReference; fileEncoding = 4; lastKnownFileType = sourcecode.swift; path = PageViewController.swift; sourceTree = "<group>"; };
/* End PBXFileReference section */

/* Begin PBXFrameworksBuildPhase section */
		6D1C49141DF0675B00188893 /* Frameworks */ = {
			isa = PBXFrameworksBuildPhase;
			buildActionMask = 2147483647;
			files = (
			);
			runOnlyForDeploymentPostprocessing = 0;
		};
/* End PBXFrameworksBuildPhase section */

/* Begin PBXGroup section */
		6D1C490E1DF0675B00188893 = {
			isa = PBXGroup;
			children = (
				6D1C49191DF0675B00188893 /* iBlockUI */,
				6D1C49181DF0675B00188893 /* Products */,
			);
			sourceTree = "<group>";
		};
		6D1C49181DF0675B00188893 /* Products */ = {
			isa = PBXGroup;
			children = (
				6D1C49171DF0675B00188893 /* iBlockUI.app */,
			);
			name = Products;
			sourceTree = "<group>";
		};
		6D1C49191DF0675B00188893 /* iBlockUI */ = {
			isa = PBXGroup;
			children = (
				6D1C491A1DF0675B00188893 /* AppDelegate.swift */,
				6D1C491C1DF0675B00188893 /* ViewController.swift */,
				6D1C492C1DF0692600188893 /* ChannelViewController.swift */,
				6D1C492D1DF0692600188893 /* MainViewController.swift */,
				6D1C492E1DF0692600188893 /* PageViewController.swift */,
				6D1C491E1DF0675B00188893 /* Main.storyboard */,
				6D1C49211DF0675B00188893 /* Assets.xcassets */,
				6D1C49231DF0675B00188893 /* LaunchScreen.storyboard */,
				6D1C49261DF0675B00188893 /* Info.plist */,
			);
			path = iBlockUI;
			sourceTree = "<group>";
		};
/* End PBXGroup section */

/* Begin PBXNativeTarget section */
		6D1C49161DF0675B00188893 /* iBlockUI */ = {
			isa = PBXNativeTarget;
			buildConfigurationList = 6D1C49291DF0675B00188893 /* Build configuration list for PBXNativeTarget "iBlockUI" */;
			buildPhases = (
				6D1C49131DF0675B00188893 /* Sources */,
				6D1C49141DF0675B00188893 /* Frameworks */,
				6D1C49151DF0675B00188893 /* Resources */,
			);
			buildRules = (
			);
			dependencies = (
			);
			name = iBlockUI;
			productName = iBlockUI;
			productReference = 6D1C49171DF0675B00188893 /* iBlockUI.app */;
			productType = "com.apple.product-type.application";
		};
/* End PBXNativeTarget section */

/* Begin PBXProject section */
		6D1C490F1DF0675B00188893 /* Project object */ = {
			isa = PBXProject;
			attributes = {
				LastSwiftUpdateCheck = 0720;
				LastUpgradeCheck = 0720;
				ORGANIZATIONNAME = NaPaFeng;
				TargetAttributes = {
					6D1C49161DF0675B00188893 = {
						CreatedOnToolsVersion = 7.2.1;
						DevelopmentTeam = PH6S6F6G8N;
					};
				};
			};
			buildConfigurationList = 6D1C49121DF0675B00188893 /* Build configuration list for PBXProject "iBlockUI" */;
			compatibilityVersion = "Xcode 3.2";
			developmentRegion = English;
			hasScannedForEncodings = 0;
			knownRegions = (
				en,
				Base,
			);
			mainGroup = 6D1C490E1DF0675B00188893;
			productRefGroup = 6D1C49181DF0675B00188893 /* Products */;
			projectDirPath = "";
			projectRoot = "";
			targets = (
				6D1C49161DF0675B00188893 /* iBlockUI */,
			);
		};
/* End PBXProject section */

/* Begin PBXResourcesBuildPhase section */
		6D1C49151DF0675B00188893 /* Resources */ = {
			isa = PBXResourcesBuildPhase;
			buildActionMask = 2147483647;
			files = (
				6D1C49251DF0675B00188893 /* LaunchScreen.storyboard in Resources */,
				6D1C49221DF0675B00188893 /* Assets.xcassets in Resources */,
				6D1C49201DF0675B00188893 /* Main.storyboard in Resources */,
			);
			runOnlyForDeploymentPostprocessing = 0;
		};
/* End PBXResourcesBuildPhase section */

/* Begin PBXSourcesBuildPhase section */
		6D1C49131DF0675B00188893 /* Sources */ = {
			isa = PBXSourcesBuildPhase;
			buildActionMask = 2147483647;
			files = (
				6D1C491D1DF0675B00188893 /* ViewController.swift in Sources */,
				6D1C49311DF0692600188893 /* PageViewController.swift in Sources */,
				6D1C492F1DF0692600188893 /* ChannelViewController.swift in Sources */,
				6D1C491B1DF0675B00188893 /* AppDelegate.swift in Sources */,
				6D1C49301DF0692600188893 /* MainViewController.swift in Sources */,
			);
			runOnlyForDeploymentPostprocessing = 0;
		};
/* End PBXSourcesBuildPhase section */

/* Begin PBXVariantGroup section */
		6D1C491E1DF0675B00188893 /* Main.storyboard */ = {
			isa = PBXVariantGroup;
			children = (
				6D1C491F1DF0675B00188893 /* Base */,
			);
			name = Main.storyboard;
			sourceTree = "<group>";
		};
		6D1C49231DF0675B00188893 /* LaunchScreen.storyboard */ = {
			isa = PBXVariantGroup;
			children = (
				6D1C49241DF0675B00188893 /* Base */,
			);
			name = LaunchScreen.storyboard;
			sourceTree = "<group>";
		};
/* End PBXVariantGroup section */

/* Begin XCBuildConfiguration section */
		6D1C49271DF0675B00188893 /* Debug */ = {
			isa = XCBuildConfiguration;
			buildSettings = {
				ALWAYS_SEARCH_USER_PATHS = NO;
				CLANG_CXX_LANGUAGE_STANDARD = "gnu++0x";
				CLANG_CXX_LIBRARY = "libc++";
				CLANG_ENABLE_MODULES = YES;
				CLANG_ENABLE_OBJC_ARC = YES;
				CLANG_WARN_BOOL_CONVERSION = YES;
				CLANG_WARN_CONSTANT_CONVERSION = YES;
				CLANG_WARN_DIRECT_OBJC_ISA_USAGE = YES_ERROR;
				CLANG_WARN_EMPTY_BODY = YES;
				CLANG_WARN_ENUM_CONVERSION = YES;
				CLANG_WARN_INT_CONVERSION = YES;
				CLANG_WARN_OBJC_ROOT_CLASS = YES_ERROR;
				CLANG_WARN_UNREACHABLE_CODE = YES;
				CLANG_WARN__DUPLICATE_METHOD_MATCH = YES;
				"CODE_SIGN_IDENTITY[sdk=iphoneos*]" = "iPhone Developer";
				COPY_PHASE_STRIP = NO;
				DEBUG_INFORMATION_FORMAT = dwarf;
				ENABLE_STRICT_OBJC_MSGSEND = YES;
				ENABLE_TESTABILITY = YES;
				GCC_C_LANGUAGE_STANDARD = gnu99;
				GCC_DYNAMIC_NO_PIC = NO;
				GCC_NO_COMMON_BLOCKS = YES;
				GCC_OPTIMIZATION_LEVEL = 0;
				GCC_PREPROCESSOR_DEFINITIONS = (
					"DEBUG=1",
					"$(inherited)",
				);
				GCC_WARN_64_TO_32_BIT_CONVERSION = YES;
				GCC_WARN_ABOUT_RETURN_TYPE = YES_ERROR;
				GCC_WARN_UNDECLARED_SELECTOR = YES;
				GCC_WARN_UNINITIALIZED_AUTOS = YES_AGGRESSIVE;
				GCC_WARN_UNUSED_FUNCTION = YES;
				GCC_WARN_UNUSED_VARIABLE = YES;
				IPHONEOS_DEPLOYMENT_TARGET = 9.2;
				MTL_ENABLE_DEBUG_INFO = YES;
				ONLY_ACTIVE_ARCH = YES;
				SDKROOT = iphoneos;
				SWIFT_OPTIMIZATION_LEVEL = "-Onone";
				TARGETED_DEVICE_FAMILY = "1,2";
			};
			name = Debug;
		};
		6D1C49281DF0675B00188893 /* Release */ = {
			isa = XCBuildConfiguration;
			buildSettings = {
				ALWAYS_SEARCH_USER_PATHS = NO;
				CLANG_CXX_LANGUAGE_STANDARD = "gnu++0x";
				CLANG_CXX_LIBRARY = "libc++";
				CLANG_ENABLE_MODULES = YES;
				CLANG_ENABLE_OBJC_ARC = YES;
				CLANG_WARN_BOOL_CONVERSION = YES;
				CLANG_WARN_CONSTANT_CONVERSION = YES;
				CLANG_WARN_DIRECT_OBJC_ISA_USAGE = YES_ERROR;
				CLANG_WARN_EMPTY_BODY = YES;
				CLANG_WARN_ENUM_CONVERSION = YES;
				CLANG_WARN_INT_CONVERSION = YES;
				CLANG_WARN_OBJC_ROOT_CLASS = YES_ERROR;
				CLANG_WARN_UNREACHABLE_CODE = YES;
				CLANG_WARN__DUPLICATE_METHOD_MATCH = YES;
				"CODE_SIGN_IDENTITY[sdk=iphoneos*]" = "iPhone Developer";
				COPY_PHASE_STRIP = NO;
				DEBUG_INFORMATION_FORMAT = "dwarf-with-dsym";
				ENABLE_NS_ASSERTIONS = NO;
				ENABLE_STRICT_OBJC_MSGSEND = YES;
				GCC_C_LANGUAGE_STANDARD = gnu99;
				GCC_NO_COMMON_BLOCKS = YES;
				GCC_WARN_64_TO_32_BIT_CONVERSION = YES;
				GCC_WARN_ABOUT_RETURN_TYPE = YES_ERROR;
				GCC_WARN_UNDECLARED_SELECTOR = YES;
				GCC_WARN_UNINITIALIZED_AUTOS = YES_AGGRESSIVE;
				GCC_WARN_UNUSED_FUNCTION = YES;
				GCC_WARN_UNUSED_VARIABLE = YES;
				IPHONEOS_DEPLOYMENT_TARGET = 9.2;
				MTL_ENABLE_DEBUG_INFO = NO;
				SDKROOT = iphoneos;
				TARGETED_DEVICE_FAMILY = "1,2";
				VALIDATE_PRODUCT = YES;
			};
			name = Release;
		};
		6D1C492A1DF0675B00188893 /* Debug */ = {
			isa = XCBuildConfiguration;
			buildSettings = {
				ASSETCATALOG_COMPILER_APPICON_NAME = AppIcon;
				INFOPLIST_FILE = iBlockUI/Info.plist;
				LD_RUNPATH_SEARCH_PATHS = "$(inherited) @executable_path/Frameworks";
				PRODUCT_BUNDLE_IDENTIFIER = NPF.iBlockUI;
				PRODUCT_NAME = "$(TARGET_NAME)";
			};
			name = Debug;
		};
		6D1C492B1DF0675B00188893 /* Release */ = {
			isa = XCBuildConfiguration;
			buildSettings = {
				ASSETCATALOG_COMPILER_APPICON_NAME = AppIcon;
				INFOPLIST_FILE = iBlockUI/Info.plist;
				LD_RUNPATH_SEARCH_PATHS = "$(inherited) @executable_path/Frameworks";
				PRODUCT_BUNDLE_IDENTIFIER = NPF.iBlockUI;
				PRODUCT_NAME = "$(TARGET_NAME)";
			};
			name = Release;
		};
/* End XCBuildConfiguration section */

/* Begin XCConfigurationList section */
		6D1C49121DF0675B00188893 /* Build configuration list for PBXProject "iBlockUI" */ = {
			isa = XCConfigurationList;
			buildConfigurations = (
				6D1C49271DF0675B00188893 /* Debug */,
				6D1C49281DF0675B00188893 /* Release */,
			);
			defaultConfigurationIsVisible = 0;
			defaultConfigurationName = Release;
		};
		6D1C49291DF0675B00188893 /* Build configuration list for PBXNativeTarget "iBlockUI" */ = {
			isa = XCConfigurationList;
			buildConfigurations = (
				6D1C492A1DF0675B00188893 /* Debug */,
				6D1C492B1DF0675B00188893 /* Release */,
			);
			defaultConfigurationIsVisible = 0;
		};
/* End XCConfigurationList section */
	};
	rootObject = 6D1C490F1DF0675B00188893 /* Project object */;
}
